
Microsoft Visual Studio Solution File, Format Version 12.00
# Visual Studio Version 17
VisualStudioVersion = 17.7.34003.232
MinimumVisualStudioVersion = 10.0.40219.1
Project("{FAE04EC0-301F-11D3-BF4B-00C04F79EFBC}") = "Monitorian", "Monitorian\Monitorian.csproj", "{A4CC5362-9B08-465B-AD64-5CFABC72A4C7}"
	ProjectSection(ProjectDependencies) = postProject
		{0C509B78-FF37-4F5D-9582-189EE5316C27} = {0C509B78-FF37-4F5D-9582-189EE5316C27}
	EndProjectSection
EndProject
Project("{FAE04EC0-301F-11D3-BF4B-00C04F79EFBC}") = "Monitorian.Core", "Monitorian.Core\Monitorian.Core.csproj", "{0C509B78-FF37-4F5D-9582-189EE5316C27}"
	ProjectSection(ProjectDependencies) = postProject
		{F44EA754-E653-4696-8A12-C86224292908} = {F44EA754-E653-4696-8A12-C86224292908}
		{EDD1C1B9-C241-4D89-8334-0D29F95C2445} = {EDD1C1B9-C241-4D89-8334-0D29F95C2445}
	EndProjectSection
EndProject
Project("{FAE04EC0-301F-11D3-BF4B-00C04F79EFBC}") = "Monitorian.Test", "Monitorian.Test\Monitorian.Test.csproj", "{338B3627-9128-45CF-92C2-86B04318C24B}"
EndProject
Project("{FAE04EC0-301F-11D3-BF4B-00C04F79EFBC}") = "IconImage", "IconImage\IconImage.csproj", "{F78D96C8-CFED-416C-ABB1-A8098CA4F4B8}"
EndProject
Project("{930C7802-8A8C-48F9-8165-68863BCCD9DD}") = "Installer", "Installer\Installer.wixproj", "{64CEE60B-ED8E-4F72-813B-0B57F8A205A5}"
EndProject
Project("{FAE04EC0-301F-11D3-BF4B-00C04F79EFBC}") = "ScreenFrame", "ScreenFrame\ScreenFrame.csproj", "{EDD1C1B9-C241-4D89-8334-0D29F95C2445}"
EndProject
Project("{FAE04EC0-301F-11D3-BF4B-00C04F79EFBC}") = "StartupAgency", "StartupAgency\StartupAgency.csproj", "{F44EA754-E653-4696-8A12-C86224292908}"
EndProject
Global
	GlobalSection(SolutionConfigurationPlatforms) = preSolution
		Debug|Any CPU = Debug|Any CPU
		Debug|x86 = Debug|x86
		Release|Any CPU = Release|Any CPU
		Release|x86 = Release|x86
	EndGlobalSection
	GlobalSection(ProjectConfigurationPlatforms) = postSolution
		{A4CC5362-9B08-465B-AD64-5CFABC72A4C7}.Debug|Any CPU.ActiveCfg = Debug|Any CPU
		{A4CC5362-9B08-465B-AD64-5CFABC72A4C7}.Debug|Any CPU.Build.0 = Debug|Any CPU
		{A4CC5362-9B08-465B-AD64-5CFABC72A4C7}.Debug|x86.ActiveCfg = Debug|Any CPU
		{A4CC5362-9B08-465B-AD64-5CFABC72A4C7}.Debug|x86.Build.0 = Debug|Any CPU
		{A4CC5362-9B08-465B-AD64-5CFABC72A4C7}.Release|Any CPU.ActiveCfg = Release|Any CPU
		{A4CC5362-9B08-465B-AD64-5CFABC72A4C7}.Release|Any CPU.Build.0 = Release|Any CPU
		{A4CC5362-9B08-465B-AD64-5CFABC72A4C7}.Release|x86.ActiveCfg = Release|Any CPU
		{A4CC5362-9B08-465B-AD64-5CFABC72A4C7}.Release|x86.Build.0 = Release|Any CPU
		{0C509B78-FF37-4F5D-9582-189EE5316C27}.Debug|Any CPU.ActiveCfg = Debug|Any CPU
		{0C509B78-FF37-4F5D-9582-189EE5316C27}.Debug|Any CPU.Build.0 = Debug|Any CPU
		{0C509B78-FF37-4F5D-9582-189EE5316C27}.Debug|x86.ActiveCfg = Debug|Any CPU
		{0C509B78-FF37-4F5D-9582-189EE5316C27}.Debug|x86.Build.0 = Debug|Any CPU
		{0C509B78-FF37-4F5D-9582-189EE5316C27}.Release|Any CPU.ActiveCfg = Release|Any CPU
		{0C509B78-FF37-4F5D-9582-189EE5316C27}.Release|Any CPU.Build.0 = Release|Any CPU
		{0C509B78-FF37-4F5D-9582-189EE5316C27}.Release|x86.ActiveCfg = Release|Any CPU
		{0C509B78-FF37-4F5D-9582-189EE5316C27}.Release|x86.Build.0 = Release|Any CPU
		{338B3627-9128-45CF-92C2-86B04318C24B}.Debug|Any CPU.ActiveCfg = Debug|Any CPU
		{338B3627-9128-45CF-92C2-86B04318C24B}.Debug|Any CPU.Build.0 = Debug|Any CPU
		{338B3627-9128-45CF-92C2-86B04318C24B}.Debug|x86.ActiveCfg = Debug|Any CPU
		{338B3627-9128-45CF-92C2-86B04318C24B}.Debug|x86.Build.0 = Debug|Any CPU
		{338B3627-9128-45CF-92C2-86B04318C24B}.Release|Any CPU.ActiveCfg = Release|Any CPU
		{338B3627-9128-45CF-92C2-86B04318C24B}.Release|Any CPU.Build.0 = Release|Any CPU
		{338B3627-9128-45CF-92C2-86B04318C24B}.Release|x86.ActiveCfg = Release|Any CPU
		{338B3627-9128-45CF-92C2-86B04318C24B}.Release|x86.Build.0 = Release|Any CPU
		{F78D96C8-CFED-416C-ABB1-A8098CA4F4B8}.Debug|Any CPU.ActiveCfg = Debug|Any CPU
		{F78D96C8-CFED-416C-ABB1-A8098CA4F4B8}.Debug|x86.ActiveCfg = Debug|Any CPU
		{F78D96C8-CFED-416C-ABB1-A8098CA4F4B8}.Debug|x86.Build.0 = Debug|Any CPU
		{F78D96C8-CFED-416C-ABB1-A8098CA4F4B8}.Release|Any CPU.ActiveCfg = Release|Any CPU
		{F78D96C8-CFED-416C-ABB1-A8098CA4F4B8}.Release|x86.ActiveCfg = Release|Any CPU
		{F78D96C8-CFED-416C-ABB1-A8098CA4F4B8}.Release|x86.Build.0 = Release|Any CPU
		{64CEE60B-ED8E-4F72-813B-0B57F8A205A5}.Debug|Any CPU.ActiveCfg = Debug|x86
		{64CEE60B-ED8E-4F72-813B-0B57F8A205A5}.Debug|x86.ActiveCfg = Debug|x86
		{64CEE60B-ED8E-4F72-813B-0B57F8A205A5}.Debug|x86.Build.0 = Debug|x86
		{64CEE60B-ED8E-4F72-813B-0B57F8A205A5}.Release|Any CPU.ActiveCfg = Release|x86
		{64CEE60B-ED8E-4F72-813B-0B57F8A205A5}.Release|x86.ActiveCfg = Release|x86
		{64CEE60B-ED8E-4F72-813B-0B57F8A205A5}.Release|x86.Build.0 = Release|x86
		{EDD1C1B9-C241-4D89-8334-0D29F95C2445}.Debug|Any CPU.ActiveCfg = Debug|Any CPU
		{EDD1C1B9-C241-4D89-8334-0D29F95C2445}.Debug|Any CPU.Build.0 = Debug|Any CPU
		{EDD1C1B9-C241-4D89-8334-0D29F95C2445}.Debug|x86.ActiveCfg = Debug|Any CPU
		{EDD1C1B9-C241-4D89-8334-0D29F95C2445}.Debug|x86.Build.0 = Debug|Any CPU
		{EDD1C1B9-C241-4D89-8334-0D29F95C2445}.Release|Any CPU.ActiveCfg = Release|Any CPU
		{EDD1C1B9-C241-4D89-8334-0D29F95C2445}.Release|Any CPU.Build.0 = Release|Any CPU
		{EDD1C1B9-C241-4D89-8334-0D29F95C2445}.Release|x86.ActiveCfg = Release|Any CPU
		{EDD1C1B9-C241-4D89-8334-0D29F95C2445}.Release|x86.Build.0 = Release|Any CPU
		{F44EA754-E653-4696-8A12-C86224292908}.Debug|Any CPU.ActiveCfg = Debug|Any CPU
		{F44EA754-E653-4696-8A12-C86224292908}.Debug|Any CPU.Build.0 = Debug|Any CPU
		{F44EA754-E653-4696-8A12-C86224292908}.Debug|x86.ActiveCfg = Debug|Any CPU
		{F44EA754-E653-4696-8A12-C86224292908}.Debug|x86.Build.0 = Debug|Any CPU
		{F44EA754-E653-4696-8A12-C86224292908}.Release|Any CPU.ActiveCfg = Release|Any CPU
		{F44EA754-E653-4696-8A12-C86224292908}.Release|Any CPU.Build.0 = Release|Any CPU
		{F44EA754-E653-4696-8A12-C86224292908}.Release|x86.ActiveCfg = Release|Any CPU
		{F44EA754-E653-4696-8A12-C86224292908}.Release|x86.Build.0 = Release|Any CPU
	EndGlobalSection
	GlobalSection(SolutionProperties) = preSolution
		HideSolutionNode = FALSE
	EndGlobalSection
	GlobalSection(ExtensibilityGlobals) = postSolution
		SolutionGuid = {BA137C5E-5A07-4E2C-AAFA-2C65FC4763A2}
	EndGlobalSection
EndGlobal
